{
  "requires": true,
  "lockfileVersion": 1,
  "dependencies": {
    "axios": {
      "version": "0.21.1",
      "resolved": "https://registry.npm.taobao.org/axios/download/axios-0.21.1.tgz",
      "integrity": "sha1-IlY0gZYvTWvemnbVFu8OXTwJsrg=",
      "requires": {
        "follow-redirects": "^1.10.0"
      }
    },
    "echarts": {
      "version": "5.1.1",
      "resolved": "https://registry.nlark.com/echarts/download/echarts-5.1.1.tgz",
      "integrity": "sha1-sYbxYvAXxVXP1nsS7eZ2K9w939o=",
      "requires": {
        "tslib": "2.0.3",
        "zrender": "5.1.0"
      }
    },
    "follow-redirects": {
      "version": "1.14.0",
      "resolved": "https://registry.nlark.com/follow-redirects/download/follow-redirects-1.14.0.tgz?cache=0&other_urls=https%3A%2F%2Fregistry.nlark.com%2Ffollow-redirects%2Fdownload%2Ffollow-redirects-1.14.0.tgz",
      "integrity": "sha1-9dJg+VxfjBBYlEkf7uXciZO0Av4="
    },
    "tslib": {
      "version": "2.0.3",
      "resolved": "https://registry.npm.taobao.org/tslib/download/tslib-2.0.3.tgz?cache=0&sync_timestamp=1617647074515&other_urls=https%3A%2F%2Fregistry.npm.taobao.org%2Ftslib%2Fdownload%2Ftslib-2.0.3.tgz",
      "integrity": "sha1-jgdBrEX8DCJuWKF7/D5kubxsphw="
    },
    "zrender": {
      "version": "5.1.0",
      "resolved": "https://registry.npm.taobao.org/zrender/download/zrender-5.1.0.tgz?cache=0&sync_timestamp=1618215776804&other_urls=https%3A%2F%2Fregistry.npm.taobao.org%2Fzrender%2Fdownload%2Fzrender-5.1.0.tgz",
      "integrity": "sha1-tqhMOqfMxmQu4FGZAcpMCDXE2F4=",
      "requires": {
        "tslib": "2.0.3"
      }
    }
  }
}
